{
  "nodes": {
    "agent": {
      "inputs": {
        "flake-utils": "flake-utils",
        "nixpkgs": "nixpkgs"
      },
      "locked": {
        "lastModified": 1627202423,
        "narHash": "sha256-KysGrg8plWPoYJJl8KTY4yvc/Q2RCH/bDnJf7otAC4U=",
        "owner": "pingiun",
        "repo": "docker-agent-test",
        "rev": "69baedc43590e57410961f65eac411cdab550938",
        "type": "github"
      },
      "original": {
        "owner": "pingiun",
        "repo": "docker-agent-test",
        "type": "github"
      }
    },
    "flake-utils": {
      "locked": {
        "lastModified": 1623875721,
        "narHash": "sha256-A8BU7bjS5GirpAUv4QA+QnJ4CceLHkcXdRp4xITDB0s=",
        "owner": "numtide",
        "repo": "flake-utils",
        "rev": "f7e004a55b120c02ecb6219596820fcd32ca8772",
        "type": "github"
      },
      "original": {
        "owner": "numtide",
        "repo": "flake-utils",
        "type": "github"
      }
    },
    "flake-utils_2": {
      "locked": {
        "lastModified": 1623875721,
        "narHash": "sha256-A8BU7bjS5GirpAUv4QA+QnJ4CceLHkcXdRp4xITDB0s=",
        "owner": "numtide",
        "repo": "flake-utils",
        "rev": "f7e004a55b120c02ecb6219596820fcd32ca8772",
        "type": "github"
      },
      "original": {
        "owner": "numtide",
        "repo": "flake-utils",
        "type": "github"
      }
    },
    "nixpkgs": {
      "locked": {
        "lastModified": 1626900417,
        "narHash": "sha256-qZUFL47ArPDs7v6a0gsJWaEKsU3kNUROcM5+CJKTJPM=",
        "owner": "NixOS",
        "repo": "nixpkgs",
        "rev": "61ac6539fc420ab21f606e534ef2711bfe4c5e1e",
        "type": "github"
      },
      "original": {
        "id": "nixpkgs",
        "type": "indirect"
      }
    },
    "nixpkgs_2": {
      "locked": {
        "lastModified": 1627202740,
        "narHash": "sha256-2+SCc/XX7lsgbftrpsAtzsHd7eOEnWI7T+79p+7j/Eg=",
        "owner": "NixOS",
        "repo": "nixpkgs",
        "rev": "d3483140b2808fe68323b29f432e40fe80d54df6",
        "type": "github"
      },
      "original": {
        "id": "nixpkgs",
        "type": "indirect"
      }
    },
    "root": {
      "inputs": {
        "agent": "agent",
        "flake-utils": "flake-utils_2",
        "nixpkgs": "nixpkgs_2"
      }
    }
  },
  "root": "root",
  "version": 7
}
