{
  "nodes": {
    "agent": {
      "inputs": {
        "flake-utils": "flake-utils",
        "nixpkgs": "nixpkgs"
      },
      "locked": {
        "lastModified": 1627055728,
        "narHash": "sha256-RQTyr+1rtpVroukSNzul91A5V4/uY6OLtEJH9uZoRv8=",
        "owner": "pingiun",
        "repo": "docker-agent-test",
        "rev": "a81b670388168a8241febab967cded7459ebed6b",
        "type": "github"
      },
      "original": {
        "owner": "pingiun",
        "repo": "docker-agent-test",
        "type": "github"
      }
    },
    "flake-utils": {
      "locked": {
        "lastModified": 1623875721,
        "narHash": "sha256-A8BU7bjS5GirpAUv4QA+QnJ4CceLHkcXdRp4xITDB0s=",
        "owner": "numtide",
        "repo": "flake-utils",
        "rev": "f7e004a55b120c02ecb6219596820fcd32ca8772",
        "type": "github"
      },
      "original": {
        "owner": "numtide",
        "repo": "flake-utils",
        "type": "github"
      }
    },
    "flake-utils_2": {
      "locked": {
        "lastModified": 1623875721,
        "narHash": "sha256-A8BU7bjS5GirpAUv4QA+QnJ4CceLHkcXdRp4xITDB0s=",
        "owner": "numtide",
        "repo": "flake-utils",
        "rev": "f7e004a55b120c02ecb6219596820fcd32ca8772",
        "type": "github"
      },
      "original": {
        "owner": "numtide",
        "repo": "flake-utils",
        "type": "github"
      }
    },
    "nixpkgs": {
      "locked": {
        "lastModified": 1626900417,
        "narHash": "sha256-qZUFL47ArPDs7v6a0gsJWaEKsU3kNUROcM5+CJKTJPM=",
        "owner": "NixOS",
        "repo": "nixpkgs",
        "rev": "61ac6539fc420ab21f606e534ef2711bfe4c5e1e",
        "type": "github"
      },
      "original": {
        "id": "nixpkgs",
        "type": "indirect"
      }
    },
    "nixpkgs_2": {
      "locked": {
        "lastModified": 1627055733,
        "narHash": "sha256-Lh/LG1tTcMlxGW168JGdUUW1Npd2dOkcJWIPsiuoZ4s=",
        "owner": "NixOS",
        "repo": "nixpkgs",
        "rev": "10e8eba8dbf77d5f93f4986daf81bfb4d7531cd8",
        "type": "github"
      },
      "original": {
        "id": "nixpkgs",
        "type": "indirect"
      }
    },
    "root": {
      "inputs": {
        "agent": "agent",
        "flake-utils": "flake-utils_2",
        "nixpkgs": "nixpkgs_2"
      }
    }
  },
  "root": "root",
  "version": 7
}
