{
  "nodes": {
    "agent": {
      "inputs": {
        "flake-utils": "flake-utils",
        "nixpkgs": "nixpkgs"
      },
      "locked": {
        "lastModified": 1627139200,
        "narHash": "sha256-zA9z8GE1Pe1mstlAbPj+pTnA2WcoNoWyTegqQOglynE=",
        "owner": "pingiun",
        "repo": "docker-agent-test",
        "rev": "7418f2171023440eb116a388ef4a9eac1beb04a4",
        "type": "github"
      },
      "original": {
        "owner": "pingiun",
        "repo": "docker-agent-test",
        "type": "github"
      }
    },
    "flake-utils": {
      "locked": {
        "lastModified": 1623875721,
        "narHash": "sha256-A8BU7bjS5GirpAUv4QA+QnJ4CceLHkcXdRp4xITDB0s=",
        "owner": "numtide",
        "repo": "flake-utils",
        "rev": "f7e004a55b120c02ecb6219596820fcd32ca8772",
        "type": "github"
      },
      "original": {
        "owner": "numtide",
        "repo": "flake-utils",
        "type": "github"
      }
    },
    "flake-utils_2": {
      "locked": {
        "lastModified": 1623875721,
        "narHash": "sha256-A8BU7bjS5GirpAUv4QA+QnJ4CceLHkcXdRp4xITDB0s=",
        "owner": "numtide",
        "repo": "flake-utils",
        "rev": "f7e004a55b120c02ecb6219596820fcd32ca8772",
        "type": "github"
      },
      "original": {
        "owner": "numtide",
        "repo": "flake-utils",
        "type": "github"
      }
    },
    "nixpkgs": {
      "locked": {
        "lastModified": 1626900417,
        "narHash": "sha256-qZUFL47ArPDs7v6a0gsJWaEKsU3kNUROcM5+CJKTJPM=",
        "owner": "NixOS",
        "repo": "nixpkgs",
        "rev": "61ac6539fc420ab21f606e534ef2711bfe4c5e1e",
        "type": "github"
      },
      "original": {
        "id": "nixpkgs",
        "type": "indirect"
      }
    },
    "nixpkgs_2": {
      "locked": {
        "lastModified": 1627137889,
        "narHash": "sha256-STQGMCRMnwzgt1rwfwC/POSGleOM7HUfzsyaoATp/uI=",
        "owner": "NixOS",
        "repo": "nixpkgs",
        "rev": "49853b2757740397bb3ff47b12630cda372c8664",
        "type": "github"
      },
      "original": {
        "id": "nixpkgs",
        "type": "indirect"
      }
    },
    "root": {
      "inputs": {
        "agent": "agent",
        "flake-utils": "flake-utils_2",
        "nixpkgs": "nixpkgs_2"
      }
    }
  },
  "root": "root",
  "version": 7
}
